{
  "name": "mushy",
  "version": "1.0.0",
  "lockfileVersion": 3,
  "requires": true,
  "packages": {
    "": {
      "name": "mushy",
      "version": "1.0.0",
      "license": "AGPL-3.0-only",
      "devDependencies": {
        "@types/leaflet": "^1.9.4",
        "@types/leaflet-markercluster": "^1.0.3",
        "typescript": "^5.8.3"
      }
    },
    "node_modules/@types/geojson": {
      "version": "7946.0.16",
      "resolved": "https://registry.npmjs.org/@types/geojson/-/geojson-7946.0.16.tgz",
      "integrity": "sha512-6C8nqWur3j98U6+lXDfTUWIfgvZU+EumvpHKcYjujKH7woYyLj2sUmff0tRhrqM7BohUw7Pz3ZB1jj2gW9Fvmg==",
      "dev": true
    },
    "node_modules/@types/leaflet": {
      "version": "1.9.17",
      "resolved": "https://registry.npmjs.org/@types/leaflet/-/leaflet-1.9.17.tgz",
      "integrity": "sha512-IJ4K6t7I3Fh5qXbQ1uwL3CFVbCi6haW9+53oLWgdKlLP7EaS21byWFJxxqOx9y8I0AP0actXSJLVMbyvxhkUTA==",
      "dev": true,
      "dependencies": {
        "@types/geojson": "*"
      }
    },
    "node_modules/@types/leaflet-markercluster": {
      "version": "1.0.3",
      "resolved": "https://registry.npmjs.org/@types/leaflet-markercluster/-/leaflet-markercluster-1.0.3.tgz",
      "integrity": "sha512-GMVrmiFoNdYa0smv+OlnSulhso2BJVnRxNcYAG4l7rC2jCbhp72dvNoLSPnpdJ7MyMScImt9YHFEjLefHO11Uw==",
      "deprecated": "'@types/leaflet-markercluster' is now '@types/leaflet.markercluster'.",
      "dev": true,
      "dependencies": {
        "@types/leaflet": "*"
      }
    },
    "node_modules/typescript": {
      "version": "5.8.3",
      "resolved": "https://registry.npmjs.org/typescript/-/typescript-5.8.3.tgz",
      "integrity": "sha512-p1diW6TqL9L07nNxvRMM7hMMw4c5XOo/1ibL4aAIGmSAt9slTE1Xgw5KWuof2uTOvCg9BY7ZRi+GaF+7sfgPeQ==",
      "dev": true,
      "bin": {
        "tsc": "bin/tsc",
        "tsserver": "bin/tsserver"
      },
      "engines": {
        "node": ">=14.17"
      }
    }
  }
}
